
Microsoft Visual Studio Solution File, Format Version 12.00
# Visual Studio Version 17
VisualStudioVersion = 17.3.32825.248
MinimumVisualStudioVersion = 10.0.40219.1
Project("{FAE04EC0-301F-11D3-BF4B-00C04F79EFBC}") = "FormulaAirline", "FormulaAirline\FormulaAirline.csproj", "{9DC13C37-5851-4082-8496-1F2393872548}"
EndProject
Global
	GlobalSection(SolutionConfigurationPlatforms) = preSolution
		Debug|Any CPU = Debug|Any CPU
		Release|Any CPU = Release|Any CPU
	EndGlobalSection
	GlobalSection(ProjectConfigurationPlatforms) = postSolution
		{9DC13C37-5851-4082-8496-1F2393872548}.Debug|Any CPU.ActiveCfg = Debug|Any CPU
		{9DC13C37-5851-4082-8496-1F2393872548}.Debug|Any CPU.Build.0 = Debug|Any CPU
		{9DC13C37-5851-4082-8496-1F2393872548}.Release|Any CPU.ActiveCfg = Release|Any CPU
		{9DC13C37-5851-4082-8496-1F2393872548}.Release|Any CPU.Build.0 = Release|Any CPU
	EndGlobalSection
	GlobalSection(SolutionProperties) = preSolution
		HideSolutionNode = FALSE
	EndGlobalSection
	GlobalSection(ExtensibilityGlobals) = postSolution
		SolutionGuid = {9675BB93-2F71-4051-9B51-8EA1088A287E}
	EndGlobalSection
EndGlobal
